
Microsoft Visual Studio Solution File, Format Version 12.00
# Visual Studio Version 17
VisualStudioVersion = 17.13.35931.197 d17.13
MinimumVisualStudioVersion = 10.0.40219.1
Project("{E24C65DC-7377-472B-9ABA-BC803B73C61A}") = "shopquanao", "..\shopquanao\", "{18D283A6-B357-45DC-B332-2F2EA322AD34}"
	ProjectSection(WebsiteProperties) = preProject
		TargetFrameworkMoniker = ".NETFramework,Version%3Dv4.8"
		Debug.AspNetCompiler.VirtualPath = "/localhost_50976"
		Debug.AspNetCompiler.PhysicalPath = "..\shopquanao\"
		Debug.AspNetCompiler.TargetPath = "PrecompiledWeb\localhost_50976\"
		Debug.AspNetCompiler.Updateable = "true"
		Debug.AspNetCompiler.ForceOverwrite = "true"
		Debug.AspNetCompiler.FixedNames = "false"
		Debug.AspNetCompiler.Debug = "True"
		Release.AspNetCompiler.VirtualPath = "/localhost_50976"
		Release.AspNetCompiler.PhysicalPath = "..\shopquanao\"
		Release.AspNetCompiler.TargetPath = "PrecompiledWeb\localhost_50976\"
		Release.AspNetCompiler.Updateable = "true"
		Release.AspNetCompiler.ForceOverwrite = "true"
		Release.AspNetCompiler.FixedNames = "false"
		Release.AspNetCompiler.Debug = "False"
		VWDPort = "50976"
		SlnRelativePath = "..\shopquanao\"
		DefaultWebSiteLanguage = "Visual C#"
	EndProjectSection
EndProject
Global
	GlobalSection(SolutionConfigurationPlatforms) = preSolution
		Debug|Any CPU = Debug|Any CPU
	EndGlobalSection
	GlobalSection(ProjectConfigurationPlatforms) = postSolution
		{18D283A6-B357-45DC-B332-2F2EA322AD34}.Debug|Any CPU.ActiveCfg = Debug|Any CPU
		{18D283A6-B357-45DC-B332-2F2EA322AD34}.Debug|Any CPU.Build.0 = Debug|Any CPU
	EndGlobalSection
	GlobalSection(SolutionProperties) = preSolution
		HideSolutionNode = FALSE
	EndGlobalSection
EndGlobal
